{
  "name": "ffi-factory-examples",
  "version": "1.0.0",
  "lockfileVersion": 1,
  "requires": true,
  "dependencies": {
    "ffi-proxy": {
      "version": "file:../ffi-proxy",
      "requires": {
        "ffi-builder": "^1.1.0"
      },
      "dependencies": {
        "ansi-colors": {
          "version": "3.2.1",
          "bundled": true
        },
        "ffi-builder": {
          "version": "1.1.0",
          "bundled": true,
          "requires": {
            "ansi-colors": "^3.1.0",
            "fs-extra": "^7.0.0",
            "node-run-cmd": "^1.0.1"
          }
        },
        "fs-extra": {
          "version": "7.0.0",
          "bundled": true,
          "requires": {
            "graceful-fs": "^4.1.2",
            "jsonfile": "^4.0.0",
            "universalify": "^0.1.0"
          }
        },
        "graceful-fs": {
          "version": "4.1.12",
          "bundled": true
        },
        "jsonfile": {
          "version": "4.0.0",
          "bundled": true,
          "requires": {
            "graceful-fs": "^4.1.6"
          }
        },
        "node-run-cmd": {
          "version": "1.0.1",
          "bundled": true
        },
        "universalify": {
          "version": "0.1.2",
          "bundled": true
        }
      }
    }
  }
}
